# This is a Gradle generated file for dependency locking.
# Manual edits can break the build and are not advised.
# This file is expected to be part of source control.
com.google.auto.value:auto-value-annotations:1.7.4=intTestCompileClasspath,intTestImplementationDependenciesMetadata,intTestRuntimeClasspath,integrationTestCompileClasspath,integrationTestImplementationDependenciesMetadata,integrationTestRuntimeClasspath,testCompileClasspath,testImplementationCopy,testImplementationDependenciesMetadata,testRuntimeClasspath
com.google.code.findbugs:jsr305:3.0.2=compileClasspath,default,implementationDependenciesMetadata,intTestCompileClasspath,intTestImplementationDependenciesMetadata,intTestRuntimeClasspath,integrationTestCompileClasspath,integrationTestImplementationDependenciesMetadata,integrationTestRuntimeClasspath,runtimeClasspath,testCompileClasspath,testImplementationCopy,testImplementationDependenciesMetadata,testRuntimeClasspath
com.google.errorprone:error_prone_annotations:2.3.4=compileClasspath,default,implementationDependenciesMetadata,runtimeClasspath
com.google.errorprone:error_prone_annotations:2.4.0=intTestCompileClasspath,intTestImplementationDependenciesMetadata,intTestRuntimeClasspath,integrationTestCompileClasspath,integrationTestImplementationDependenciesMetadata,integrationTestRuntimeClasspath,testCompileClasspath,testImplementationCopy,testImplementationDependenciesMetadata,testRuntimeClasspath
com.google.guava:failureaccess:1.0.1=compileClasspath,default,implementationDependenciesMetadata,intTestCompileClasspath,intTestImplementationDependenciesMetadata,intTestRuntimeClasspath,integrationTestCompileClasspath,integrationTestImplementationDependenciesMetadata,integrationTestRuntimeClasspath,runtimeClasspath,testCompileClasspath,testImplementationCopy,testImplementationDependenciesMetadata,testRuntimeClasspath
com.google.guava:guava:30.1-jre=compileClasspath,default,implementationCopy,implementationCopy2,implementationDependenciesMetadata,intTestCompileClasspath,intTestImplementationDependenciesMetadata,intTestRuntimeClasspath,integrationTestCompileClasspath,integrationTestImplementationDependenciesMetadata,integrationTestRuntimeClasspath,runtimeClasspath,testCompileClasspath,testImplementationCopy,testImplementationDependenciesMetadata,testRuntimeClasspath
com.google.guava:listenablefuture:9999.0-empty-to-avoid-conflict-with-guava=compileClasspath,default,implementationDependenciesMetadata,intTestCompileClasspath,intTestImplementationDependenciesMetadata,intTestRuntimeClasspath,integrationTestCompileClasspath,integrationTestImplementationDependenciesMetadata,integrationTestRuntimeClasspath,runtimeClasspath,testCompileClasspath,testImplementationCopy,testImplementationDependenciesMetadata,testRuntimeClasspath
com.google.j2objc:j2objc-annotations:1.3=compileClasspath,default,implementationDependenciesMetadata,intTestCompileClasspath,intTestImplementationDependenciesMetadata,intTestRuntimeClasspath,integrationTestCompileClasspath,integrationTestImplementationDependenciesMetadata,integrationTestRuntimeClasspath,runtimeClasspath,testCompileClasspath,testImplementationCopy,testImplementationDependenciesMetadata,testRuntimeClasspath
com.google.truth:truth:1.1=intTestCompileClasspath,intTestImplementationDependenciesMetadata,intTestRuntimeClasspath,integrationTestCompileClasspath,integrationTestImplementationDependenciesMetadata,integrationTestRuntimeClasspath,testCompileClasspath,testImplementationCopy,testImplementationCopy2,testImplementationDependenciesMetadata,testRuntimeClasspath
info.picocli:picocli-codegen:4.6.1=kapt,kaptCopy,kaptCopy2,kaptTest
info.picocli:picocli:4.6.1=compileClasspath,default,implementationCopy,implementationCopy2,implementationDependenciesMetadata,intTestCompileClasspath,intTestImplementationDependenciesMetadata,intTestRuntimeClasspath,integrationTestCompileClasspath,integrationTestImplementationDependenciesMetadata,integrationTestRuntimeClasspath,kapt,kaptTest,runtimeClasspath,testCompileClasspath,testImplementationCopy,testImplementationDependenciesMetadata,testRuntimeClasspath
junit:junit:4.13.1=intTestCompileClasspath,intTestImplementationDependenciesMetadata,intTestRuntimeClasspath,integrationTestCompileClasspath,integrationTestImplementationDependenciesMetadata,integrationTestRuntimeClasspath,testCompileClasspath,testImplementationCopy,testImplementationDependenciesMetadata,testRuntimeClasspath
org.apiguardian:apiguardian-api:1.1.0=intTestCompileClasspath,intTestImplementationDependenciesMetadata,intTestRuntimeClasspath,integrationTestCompileClasspath,integrationTestImplementationDependenciesMetadata,integrationTestRuntimeClasspath,testCompileClasspath,testImplementationCopy,testImplementationDependenciesMetadata,testRuntimeClasspath
org.checkerframework:checker-qual:3.5.0=compileClasspath,default,implementationDependenciesMetadata,runtimeClasspath
org.checkerframework:checker-qual:3.7.0=intTestCompileClasspath,intTestImplementationDependenciesMetadata,intTestRuntimeClasspath,integrationTestCompileClasspath,integrationTestImplementationDependenciesMetadata,integrationTestRuntimeClasspath,testCompileClasspath,testImplementationCopy,testImplementationDependenciesMetadata,testRuntimeClasspath
org.hamcrest:hamcrest-core:1.3=intTestCompileClasspath,intTestImplementationDependenciesMetadata,intTestRuntimeClasspath,integrationTestCompileClasspath,integrationTestImplementationDependenciesMetadata,integrationTestRuntimeClasspath,testCompileClasspath,testImplementationCopy,testImplementationDependenciesMetadata,testRuntimeClasspath
org.jetbrains.intellij.deps:trove4j:1.0.20181211=kotlinCompilerClasspath,kotlinKaptWorkerDependencies,kotlinKlibCommonizerClasspath
org.jetbrains.kotlin:kotlin-annotation-processing-gradle:1.4.21-2=kotlinKaptWorkerDependencies,kotlinKaptWorkerDependenciesCopy,kotlinKaptWorkerDependenciesCopy2
org.jetbrains.kotlin:kotlin-compiler-embeddable:1.4.21-2=kotlinCompilerClasspath,kotlinCompilerClasspathCopy,kotlinCompilerClasspathCopy2,kotlinKaptWorkerDependencies,kotlinKlibCommonizerClasspath
org.jetbrains.kotlin:kotlin-daemon-embeddable:1.4.21-2=kotlinCompilerClasspath,kotlinKaptWorkerDependencies,kotlinKlibCommonizerClasspath
org.jetbrains.kotlin:kotlin-klib-commonizer-embeddable:1.4.21-2=kotlinKlibCommonizerClasspath,kotlinKlibCommonizerClasspathCopy,kotlinKlibCommonizerClasspathCopy2
org.jetbrains.kotlin:kotlin-reflect:1.4.21-2=kotlinCompilerClasspath,kotlinKaptWorkerDependencies,kotlinKlibCommonizerClasspath
org.jetbrains.kotlin:kotlin-script-runtime:1.4.21-2=kotlinCompilerClasspath,kotlinCompilerPluginClasspath,kotlinKaptWorkerDependencies,kotlinKlibCommonizerClasspath
org.jetbrains.kotlin:kotlin-scripting-common:1.4.21-2=kotlinCompilerPluginClasspath
org.jetbrains.kotlin:kotlin-scripting-compiler-embeddable:1.4.21-2=kotlinCompilerPluginClasspath,kotlinCompilerPluginClasspathCopy,kotlinCompilerPluginClasspathCopy2
org.jetbrains.kotlin:kotlin-scripting-compiler-impl-embeddable:1.4.21-2=kotlinCompilerPluginClasspath
org.jetbrains.kotlin:kotlin-scripting-jvm:1.4.21-2=kotlinCompilerPluginClasspath
org.jetbrains.kotlin:kotlin-stdlib-common:1.4.21-2=compileClasspath,default,implementationDependenciesMetadata,intTestCompileClasspath,intTestImplementationDependenciesMetadata,intTestRuntimeClasspath,integrationTestCompileClasspath,integrationTestImplementationDependenciesMetadata,integrationTestRuntimeClasspath,kotlinCompilerClasspath,kotlinCompilerPluginClasspath,kotlinKaptWorkerDependencies,kotlinKlibCommonizerClasspath,runtimeClasspath,testCompileClasspath,testImplementationCopy,testImplementationDependenciesMetadata,testRuntimeClasspath
org.jetbrains.kotlin:kotlin-stdlib-jdk7:1.4.21-2=compileClasspath,default,implementationDependenciesMetadata,intTestCompileClasspath,intTestImplementationDependenciesMetadata,intTestRuntimeClasspath,integrationTestCompileClasspath,integrationTestImplementationDependenciesMetadata,integrationTestRuntimeClasspath,runtimeClasspath,testCompileClasspath,testImplementationCopy,testImplementationDependenciesMetadata,testRuntimeClasspath
org.jetbrains.kotlin:kotlin-stdlib-jdk8:1.4.21-2=compileClasspath,default,implementationCopy,implementationCopy2,implementationDependenciesMetadata,intTestCompileClasspath,intTestImplementationDependenciesMetadata,intTestRuntimeClasspath,integrationTestCompileClasspath,integrationTestImplementationDependenciesMetadata,integrationTestRuntimeClasspath,runtimeClasspath,runtimeElements-publishedCopy,runtimeElementsCopy,testCompileClasspath,testImplementationCopy,testImplementationCopy2,testImplementationDependenciesMetadata,testRuntimeClasspath
org.jetbrains.kotlin:kotlin-stdlib:1.4.21-2=compileClasspath,default,implementationDependenciesMetadata,intTestCompileClasspath,intTestImplementationDependenciesMetadata,intTestRuntimeClasspath,integrationTestCompileClasspath,integrationTestImplementationDependenciesMetadata,integrationTestRuntimeClasspath,kotlinCompilerClasspath,kotlinCompilerPluginClasspath,kotlinKaptWorkerDependencies,kotlinKlibCommonizerClasspath,runtimeClasspath,testCompileClasspath,testImplementationCopy,testImplementationDependenciesMetadata,testRuntimeClasspath
org.jetbrains.kotlinx:kotlinx-coroutines-core:1.3.7=kotlinCompilerPluginClasspath
org.jetbrains:annotations:13.0=compileClasspath,default,implementationDependenciesMetadata,intTestCompileClasspath,intTestImplementationDependenciesMetadata,intTestRuntimeClasspath,integrationTestCompileClasspath,integrationTestImplementationDependenciesMetadata,integrationTestRuntimeClasspath,kotlinCompilerClasspath,kotlinCompilerPluginClasspath,kotlinKaptWorkerDependencies,kotlinKlibCommonizerClasspath,runtimeClasspath,testCompileClasspath,testImplementationCopy,testImplementationDependenciesMetadata,testRuntimeClasspath
org.jgrapht:jgrapht-core:1.5.0=compileClasspath,default,implementationDependenciesMetadata,intTestCompileClasspath,intTestImplementationDependenciesMetadata,intTestRuntimeClasspath,runtimeClasspath,testCompileClasspath,testImplementationDependenciesMetadata,testRuntimeClasspath
org.jgrapht:jgrapht-guava:1.5.0=compileClasspath,default,implementationDependenciesMetadata,intTestCompileClasspath,intTestImplementationDependenciesMetadata,intTestRuntimeClasspath,runtimeClasspath,testCompileClasspath,testImplementationDependenciesMetadata,testRuntimeClasspath
org.jheaps:jheaps:0.13=compileClasspath,default,implementationDependenciesMetadata,intTestCompileClasspath,intTestImplementationDependenciesMetadata,intTestRuntimeClasspath,runtimeClasspath,testCompileClasspath,testImplementationDependenciesMetadata,testRuntimeClasspath
org.junit.jupiter:junit-jupiter-api:5.7.0=intTestCompileClasspath,intTestImplementationDependenciesMetadata,intTestRuntimeClasspath,integrationTestCompileClasspath,integrationTestImplementationDependenciesMetadata,integrationTestRuntimeClasspath,testCompileClasspath,testImplementationCopy,testImplementationDependenciesMetadata,testRuntimeClasspath
org.junit.jupiter:junit-jupiter-engine:5.7.0=intTestRuntimeClasspath,integrationTestRuntimeClasspath,testImplementationCopy,testRuntimeClasspath
org.junit.jupiter:junit-jupiter-params:5.7.0=intTestCompileClasspath,intTestImplementationDependenciesMetadata,intTestRuntimeClasspath,integrationTestCompileClasspath,integrationTestImplementationDependenciesMetadata,integrationTestRuntimeClasspath,testCompileClasspath,testImplementationCopy,testImplementationDependenciesMetadata,testRuntimeClasspath
org.junit.jupiter:junit-jupiter:5.7.0=intTestCompileClasspath,intTestImplementationDependenciesMetadata,intTestRuntimeClasspath,integrationTestCompileClasspath,integrationTestImplementationDependenciesMetadata,integrationTestRuntimeClasspath,testCompileClasspath,testImplementationCopy,testImplementationCopy2,testImplementationDependenciesMetadata,testRuntimeClasspath
org.junit.platform:junit-platform-commons:1.7.0=intTestCompileClasspath,intTestImplementationDependenciesMetadata,intTestRuntimeClasspath,integrationTestCompileClasspath,integrationTestImplementationDependenciesMetadata,integrationTestRuntimeClasspath,testCompileClasspath,testImplementationCopy,testImplementationDependenciesMetadata,testRuntimeClasspath
org.junit.platform:junit-platform-engine:1.7.0=intTestRuntimeClasspath,integrationTestRuntimeClasspath,testImplementationCopy,testRuntimeClasspath
org.junit:junit-bom:5.7.0=intTestCompileClasspath,intTestImplementationDependenciesMetadata,intTestRuntimeClasspath,integrationTestCompileClasspath,integrationTestImplementationDependenciesMetadata,integrationTestRuntimeClasspath,testCompileClasspath,testImplementationCopy,testImplementationCopy2,testImplementationDependenciesMetadata,testRuntimeClasspath
org.opentest4j:opentest4j:1.2.0=intTestCompileClasspath,intTestImplementationDependenciesMetadata,intTestRuntimeClasspath,integrationTestCompileClasspath,integrationTestImplementationDependenciesMetadata,integrationTestRuntimeClasspath,testCompileClasspath,testImplementationCopy,testImplementationDependenciesMetadata,testRuntimeClasspath
org.ow2.asm:asm:9.0=intTestCompileClasspath,intTestImplementationDependenciesMetadata,intTestRuntimeClasspath,integrationTestCompileClasspath,integrationTestImplementationDependenciesMetadata,integrationTestRuntimeClasspath,testCompileClasspath,testImplementationCopy,testImplementationDependenciesMetadata,testRuntimeClasspath
empty=_classStructurekaptKotlin,_classStructurekaptKotlinCopy,_classStructurekaptTestKotlin,_classStructurekaptTestKotlinCopy,annotationProcessor,annotationProcessorCopy,apiCopy,apiDependenciesMetadata,apiElements-publishedCopy,apiElementsCopy,archives,archivesCopy,compile,compileCopy,compileOnly,compileOnlyDependenciesMetadata,defaultCopy,intTestAnnotationProcessor,intTestApiDependenciesMetadata,intTestCompile,intTestCompileOnly,intTestCompileOnlyDependenciesMetadata,intTestKotlinScriptDef,intTestKotlinScriptDefExtensions,intTestRuntime,intTestRuntimeOnlyDependenciesMetadata,integrationTestAnnotationProcessor,integrationTestApiDependenciesMetadata,integrationTestCompile,integrationTestCompileOnly,integrationTestCompileOnlyDependenciesMetadata,integrationTestKotlinScriptDef,integrationTestKotlinScriptDefExtensions,integrationTestRuntime,integrationTestRuntimeOnlyDependenciesMetadata,kotlinNativeCompilerPluginClasspath,kotlinNativeCompilerPluginClasspathCopy,kotlinScriptDef,kotlinScriptDefExtensions,runtime,runtimeCopy,runtimeOnlyCopy,runtimeOnlyDependenciesMetadata,shadow,shadowCopy,shadowRuntimeElementsCopy,sourceArtifactsCopy,testAnnotationProcessor,testApiCopy,testApiDependenciesMetadata,testCompile,testCompileCopy,testCompileOnly,testCompileOnlyDependenciesMetadata,testKotlinScriptDef,testKotlinScriptDefExtensions,testRuntime,testRuntimeCopy,testRuntimeOnlyCopy,testRuntimeOnlyDependenciesMetadata
